{
  "name": "@pipobscure/demitasse-tap",
  "version": "1.0.10",
  "lockfileVersion": 1,
  "requires": true,
  "dependencies": {
    "@types/node": {
      "version": "10.12.18",
      "resolved": "https://registry.npmjs.org/@types/node/-/node-10.12.18.tgz",
      "integrity": "sha512-fh+pAqt4xRzPfqA6eh3Z2y6fyZavRIumvjhaCL753+TVkGKGhpPeyrJG2JftD0T9q4GF00KjefsQ+PQNDdWQaQ==",
      "dev": true
    },
    "@types/yaml": {
      "version": "1.0.1",
      "resolved": "https://registry.npmjs.org/@types/yaml/-/yaml-1.0.1.tgz",
      "integrity": "sha512-Bq8/v5jtk4TsPY4qSmlEM2hucw5vgA7jWaDV6NFNv6ZjSoqxicRB5RH8Cc1eMEr0VcbgnysGIujg6hR3nZ14sw==",
      "dev": true
    },
    "yaml": {
      "version": "1.2.0",
      "resolved": "https://registry.npmjs.org/yaml/-/yaml-1.2.0.tgz",
      "integrity": "sha512-nKNUuxmvbrRDQbPCVqUDvjgnOvpxWFRK6O4hO57Q3ie07CmTkGrcpoFHEN7PUTkvhhJD23CR2WpKgPyIVoj5zg=="
    }
  }
}
